# generated by rye
# use `rye lock` or `rye sync` to update this lockfile
#
# last locked with the following flags:
#   pre: false
#   features: []
#   all-features: false
#   with-sources: false
#   generate-hashes: false
#   universal: true

-e file:.
annotated-types==0.7.0
    # via pydantic
anyio==4.4.0
    # via httpx
    # via openai
certifi==2024.7.4
    # via httpcore
    # via httpx
click==8.1.7
    # via podgenai
colorama==0.4.6 ; platform_system == 'Windows'
    # via click
    # via tqdm
distro==1.9.0
    # via openai
h11==0.14.0
    # via httpcore
httpcore==1.0.5
    # via httpx
httpx==0.27.0
    # via openai
idna==3.7
    # via anyio
    # via httpx
jiter==0.5.0
    # via openai
openai==1.41.1
    # via podgenai
pathvalidate==3.2.0
    # via podgenai
pydantic==2.8.2
    # via openai
pydantic-core==2.20.1
    # via pydantic
python-dotenv==1.0.1
    # via podgenai
semantic-text-splitter==0.15.0
    # via podgenai
sniffio==1.3.1
    # via anyio
    # via httpx
    # via openai
tqdm==4.66.5
    # via openai
typing-extensions==4.12.2
    # via openai
    # via pydantic
    # via pydantic-core
