# generated by rye
# use `rye lock` or `rye sync` to update this lockfile
#
# last locked with the following flags:
#   pre: false
#   features: []
#   all-features: false
#   with-sources: false
#   generate-hashes: false
#   universal: true

-e file:.
annotated-types==0.8.0
    # via pydantic
anyio==4.14.2
    # via httpx2
    # via openai
certifi==2026.7.22
    # via requests
charset-normalizer==3.5.1
    # via requests
click==8.4.2
    # via podgenai
colorama==0.4.6 ; sys_platform == 'win32'
    # via click
distro==1.9.0
    # via openai
h11==0.16.0 ; sys_platform != 'emscripten'
    # via httpcore2
httpcore2==2.12.0 ; sys_platform != 'emscripten'
    # via httpx2
httpx2==2.12.0
    # via openai
httpx2-jsfetch==1.0 ; sys_platform == 'emscripten'
    # via httpx2
idna==3.19
    # via anyio
    # via httpx2
    # via requests
jiter==0.16.0
    # via openai
openai==3.3.0
    # via podgenai
pathvalidate==3.3.1
    # via podgenai
pydantic==2.13.4
    # via openai
pydantic-core==2.46.4
    # via pydantic
python-dotenv==1.2.3
    # via podgenai
regex==2026.7.19
    # via tiktoken
requests==2.34.2
    # via tiktoken
semantic-text-splitter==0.32.0
    # via podgenai
sniffio==1.3.1
    # via openai
tiktoken==0.14.0
    # via podgenai
truststore==0.10.4 ; sys_platform != 'emscripten'
    # via httpcore2
    # via httpx2
typing-extensions==4.16.0
    # via anyio
    # via httpx2
    # via openai
    # via pydantic
    # via pydantic-core
    # via typing-inspection
typing-inspection==0.4.4
    # via pydantic
urllib3==2.7.0
    # via requests
